Microsoft Visual Studio Solution File, Format Version 12.00
# Visual Studio 14
VisualStudioVersion = 14.0.25420.1
MinimumVisualStudioVersion = 10.0.40219.1
Project("{FAE04EC0-301F-11D3-BF4B-00C04F79EFBC}") = "WinFormsUI", "WinFormsUI\WinFormsUI.csproj", "{C75532C4-765B-418E-B09B-46D36B2ABDB1}"
EndProject
Project("{FAE04EC0-301F-11D3-BF4B-00C04F79EFBC}") = "DockSample", "DockSample\DockSample.csproj", "{40793A27-478B-4357-B4C3-FC8943131F3D}"
EndProject
Project("{FAE04EC0-301F-11D3-BF4B-00C04F79EFBC}") = "ThemeVS2013Blue", "WinFormsUI\ThemeVS2013Blue.csproj", "{245E07F6-10D5-4CFA-B003-0DEB06B223DA}"
EndProject
Project("{FAE04EC0-301F-11D3-BF4B-00C04F79EFBC}") = "ThemeVS2012", "WinFormsUI\ThemeVS2012.csproj", "{4ED4FDB5-9FD0-49E6-876D-1635F727C755}"
EndProject
Project("{FAE04EC0-301F-11D3-BF4B-00C04F79EFBC}") = "ThemeVS2003", "WinFormsUI\ThemeVS2003.csproj", "{719F0F69-66DA-438D-B5BB-2D883EF4ACE2}"
EndProject
Project("{FAE04EC0-301F-11D3-BF4B-00C04F79EFBC}") = "ThemeVS2005Multithreading", "WinFormsUI\ThemeVS2005Multithreading.csproj", "{01B09009-BD30-47F2-B318-4B583D606C61}"
EndProject
Project("{2150E333-8FDC-42A3-9474-1A3956D46DE8}") = "NuGet", "NuGet", "{718A6D59-6451-4C5F-A456-399CC9F47B97}"
	ProjectSection(SolutionItems) = preProject
		.nuget\DockPanelSuite.nuspec = .nuget\DockPanelSuite.nuspec
		.nuget\ThemeVS2003.nuspec = .nuget\ThemeVS2003.nuspec
		.nuget\ThemeVS2005Multithreading.nuspec = .nuget\ThemeVS2005Multithreading.nuspec
		.nuget\ThemeVS2012Light.nuspec = .nuget\ThemeVS2012Light.nuspec
		.nuget\ThemeVS2013Blue.nuspec = .nuget\ThemeVS2013Blue.nuspec
	EndProjectSection
EndProject
Project("{FAE04EC0-301F-11D3-BF4B-00C04F79EFBC}") = "Tests", "Tests\Tests.csproj", "{2EF6DD60-E690-4E65-AD06-B3041C0ACDD2}"
EndProject
Project("{FAE04EC0-301F-11D3-BF4B-00C04F79EFBC}") = "Tests2", "Tests2\Tests2.csproj", "{4B0F335C-88AD-4884-B286-0107D24D246B}"
EndProject
Project("{FAE04EC0-301F-11D3-BF4B-00C04F79EFBC}") = "Tests3", "Tests3\Tests3.csproj", "{6C17B7EB-B55B-4878-8EB1-5AA6942FB50F}"
EndProject
Project("{2150E333-8FDC-42A3-9474-1A3956D46DE8}") = "UnitTesting", "UnitTesting", "{0CA1B611-8907-4C9C-93A7-4133E7540B24}"
EndProject
Global
	GlobalSection(SolutionConfigurationPlatforms) = preSolution
		Debug|Any CPU = Debug|Any CPU
		Release|Any CPU = Release|Any CPU
	EndGlobalSection
	GlobalSection(ProjectConfigurationPlatforms) = postSolution
		{C75532C4-765B-418E-B09B-46D36B2ABDB1}.Debug|Any CPU.ActiveCfg = Debug|Any CPU
		{C75532C4-765B-418E-B09B-46D36B2ABDB1}.Debug|Any CPU.Build.0 = Debug|Any CPU
		{C75532C4-765B-418E-B09B-46D36B2ABDB1}.Release|Any CPU.ActiveCfg = Release|Any CPU
		{C75532C4-765B-418E-B09B-46D36B2ABDB1}.Release|Any CPU.Build.0 = Release|Any CPU
		{40793A27-478B-4357-B4C3-FC8943131F3D}.Debug|Any CPU.ActiveCfg = Debug|Any CPU
		{40793A27-478B-4357-B4C3-FC8943131F3D}.Debug|Any CPU.Build.0 = Debug|Any CPU
		{40793A27-478B-4357-B4C3-FC8943131F3D}.Release|Any CPU.ActiveCfg = Release|Any CPU
		{40793A27-478B-4357-B4C3-FC8943131F3D}.Release|Any CPU.Build.0 = Release|Any CPU
		{245E07F6-10D5-4CFA-B003-0DEB06B223DA}.Debug|Any CPU.ActiveCfg = Debug|Any CPU
		{245E07F6-10D5-4CFA-B003-0DEB06B223DA}.Debug|Any CPU.Build.0 = Debug|Any CPU
		{245E07F6-10D5-4CFA-B003-0DEB06B223DA}.Release|Any CPU.ActiveCfg = Release|Any CPU
		{245E07F6-10D5-4CFA-B003-0DEB06B223DA}.Release|Any CPU.Build.0 = Release|Any CPU
		{4ED4FDB5-9FD0-49E6-876D-1635F727C755}.Debug|Any CPU.ActiveCfg = Debug|Any CPU
		{4ED4FDB5-9FD0-49E6-876D-1635F727C755}.Debug|Any CPU.Build.0 = Debug|Any CPU
		{4ED4FDB5-9FD0-49E6-876D-1635F727C755}.Release|Any CPU.ActiveCfg = Release|Any CPU
		{4ED4FDB5-9FD0-49E6-876D-1635F727C755}.Release|Any CPU.Build.0 = Release|Any CPU
		{719F0F69-66DA-438D-B5BB-2D883EF4ACE2}.Debug|Any CPU.ActiveCfg = Debug|Any CPU
		{719F0F69-66DA-438D-B5BB-2D883EF4ACE2}.Debug|Any CPU.Build.0 = Debug|Any CPU
		{719F0F69-66DA-438D-B5BB-2D883EF4ACE2}.Release|Any CPU.ActiveCfg = Release|Any CPU
		{719F0F69-66DA-438D-B5BB-2D883EF4ACE2}.Release|Any CPU.Build.0 = Release|Any CPU
		{01B09009-BD30-47F2-B318-4B583D606C61}.Debug|Any CPU.ActiveCfg = Debug|Any CPU
		{01B09009-BD30-47F2-B318-4B583D606C61}.Debug|Any CPU.Build.0 = Debug|Any CPU
		{01B09009-BD30-47F2-B318-4B583D606C61}.Release|Any CPU.ActiveCfg = Release|Any CPU
		{01B09009-BD30-47F2-B318-4B583D606C61}.Release|Any CPU.Build.0 = Release|Any CPU
		{2EF6DD60-E690-4E65-AD06-B3041C0ACDD2}.Debug|Any CPU.ActiveCfg = Debug|Any CPU
		{2EF6DD60-E690-4E65-AD06-B3041C0ACDD2}.Debug|Any CPU.Build.0 = Debug|Any CPU
		{2EF6DD60-E690-4E65-AD06-B3041C0ACDD2}.Release|Any CPU.ActiveCfg = Release|Any CPU
		{2EF6DD60-E690-4E65-AD06-B3041C0ACDD2}.Release|Any CPU.Build.0 = Release|Any CPU
		{4B0F335C-88AD-4884-B286-0107D24D246B}.Debug|Any CPU.ActiveCfg = Debug|Any CPU
		{4B0F335C-88AD-4884-B286-0107D24D246B}.Debug|Any CPU.Build.0 = Debug|Any CPU
		{4B0F335C-88AD-4884-B286-0107D24D246B}.Release|Any CPU.ActiveCfg = Release|Any CPU
		{4B0F335C-88AD-4884-B286-0107D24D246B}.Release|Any CPU.Build.0 = Release|Any CPU
		{6C17B7EB-B55B-4878-8EB1-5AA6942FB50F}.Debug|Any CPU.ActiveCfg = Debug|Any CPU
		{6C17B7EB-B55B-4878-8EB1-5AA6942FB50F}.Debug|Any CPU.Build.0 = Debug|Any CPU
		{6C17B7EB-B55B-4878-8EB1-5AA6942FB50F}.Release|Any CPU.ActiveCfg = Release|Any CPU
		{6C17B7EB-B55B-4878-8EB1-5AA6942FB50F}.Release|Any CPU.Build.0 = Release|Any CPU
	EndGlobalSection
	GlobalSection(SolutionProperties) = preSolution
		HideSolutionNode = FALSE
	EndGlobalSection
	GlobalSection(NestedProjects) = preSolution
		{2EF6DD60-E690-4E65-AD06-B3041C0ACDD2} = {0CA1B611-8907-4C9C-93A7-4133E7540B24}
		{4B0F335C-88AD-4884-B286-0107D24D246B} = {0CA1B611-8907-4C9C-93A7-4133E7540B24}
		{6C17B7EB-B55B-4878-8EB1-5AA6942FB50F} = {0CA1B611-8907-4C9C-93A7-4133E7540B24}
	EndGlobalSection
EndGlobal
