
Microsoft Visual Studio Solution File, Format Version 12.00
# Visual Studio Version 16
VisualStudioVersion = 16.0.28315.86
MinimumVisualStudioVersion = 10.0.40219.1
Project("{9A19103F-16F7-4668-BE54-9A1E7A4F7556}") = "WinFormsUI", "WinFormsUI\WinFormsUI.csproj", "{C75532C4-765B-418E-B09B-46D36B2ABDB1}"
EndProject
Project("{9A19103F-16F7-4668-BE54-9A1E7A4F7556}") = "DockSample", "DockSample\DockSample.csproj", "{40793A27-478B-4357-B4C3-FC8943131F3D}"
EndProject
Project("{9A19103F-16F7-4668-BE54-9A1E7A4F7556}") = "ThemeVS2013", "WinFormsUI\ThemeVS2013.csproj", "{245E07F6-10D5-4CFA-B003-0DEB06B223DA}"
EndProject
Project("{9A19103F-16F7-4668-BE54-9A1E7A4F7556}") = "ThemeVS2012", "WinFormsUI\ThemeVS2012.csproj", "{4ED4FDB5-9FD0-49E6-876D-1635F727C755}"
EndProject
Project("{9A19103F-16F7-4668-BE54-9A1E7A4F7556}") = "ThemeVS2003", "WinFormsUI\ThemeVS2003.csproj", "{719F0F69-66DA-438D-B5BB-2D883EF4ACE2}"
EndProject
Project("{9A19103F-16F7-4668-BE54-9A1E7A4F7556}") = "ThemeVS2005Multithreading", "WinFormsUI\ThemeVS2005Multithreading.csproj", "{01B09009-BD30-47F2-B318-4B583D606C61}"
EndProject
Project("{9A19103F-16F7-4668-BE54-9A1E7A4F7556}") = "Tests", "Tests\Tests.csproj", "{2EF6DD60-E690-4E65-AD06-B3041C0ACDD2}"
EndProject
Project("{9A19103F-16F7-4668-BE54-9A1E7A4F7556}") = "Tests2", "Tests2\Tests2.csproj", "{4B0F335C-88AD-4884-B286-0107D24D246B}"
EndProject
Project("{9A19103F-16F7-4668-BE54-9A1E7A4F7556}") = "Tests3", "Tests3\Tests3.csproj", "{6C17B7EB-B55B-4878-8EB1-5AA6942FB50F}"
EndProject
Project("{2150E333-8FDC-42A3-9474-1A3956D46DE8}") = "UnitTesting", "UnitTesting", "{0CA1B611-8907-4C9C-93A7-4133E7540B24}"
EndProject
Project("{9A19103F-16F7-4668-BE54-9A1E7A4F7556}") = "ThemeVS2015", "WinFormsUI\ThemeVS2015.csproj", "{007D4AC8-948F-4816-86AD-B9D1343672C1}"
EndProject
Project("{2150E333-8FDC-42A3-9474-1A3956D46DE8}") = "Themes", "Themes", "{91DA877F-E437-42C9-8FE5-E3709721BB8B}"
EndProject
Project("{9A19103F-16F7-4668-BE54-9A1E7A4F7556}") = "ThemeVS2005", "WinFormsUI\ThemeVS2005.csproj", "{B51EC09A-F8BE-4B5A-BD07-0F4489075A00}"
EndProject
Global
	GlobalSection(SolutionConfigurationPlatforms) = preSolution
		Debug|Any CPU = Debug|Any CPU
		Release|Any CPU = Release|Any CPU
	EndGlobalSection
	GlobalSection(ProjectConfigurationPlatforms) = postSolution
		{C75532C4-765B-418E-B09B-46D36B2ABDB1}.Debug|Any CPU.ActiveCfg = Debug|Any CPU
		{C75532C4-765B-418E-B09B-46D36B2ABDB1}.Debug|Any CPU.Build.0 = Debug|Any CPU
		{C75532C4-765B-418E-B09B-46D36B2ABDB1}.Release|Any CPU.ActiveCfg = Release|Any CPU
		{C75532C4-765B-418E-B09B-46D36B2ABDB1}.Release|Any CPU.Build.0 = Release|Any CPU
		{40793A27-478B-4357-B4C3-FC8943131F3D}.Debug|Any CPU.ActiveCfg = Debug|Any CPU
		{40793A27-478B-4357-B4C3-FC8943131F3D}.Debug|Any CPU.Build.0 = Debug|Any CPU
		{40793A27-478B-4357-B4C3-FC8943131F3D}.Release|Any CPU.ActiveCfg = Release|Any CPU
		{40793A27-478B-4357-B4C3-FC8943131F3D}.Release|Any CPU.Build.0 = Release|Any CPU
		{245E07F6-10D5-4CFA-B003-0DEB06B223DA}.Debug|Any CPU.ActiveCfg = Debug|Any CPU
		{245E07F6-10D5-4CFA-B003-0DEB06B223DA}.Debug|Any CPU.Build.0 = Debug|Any CPU
		{245E07F6-10D5-4CFA-B003-0DEB06B223DA}.Release|Any CPU.ActiveCfg = Release|Any CPU
		{245E07F6-10D5-4CFA-B003-0DEB06B223DA}.Release|Any CPU.Build.0 = Release|Any CPU
		{4ED4FDB5-9FD0-49E6-876D-1635F727C755}.Debug|Any CPU.ActiveCfg = Debug|Any CPU
		{4ED4FDB5-9FD0-49E6-876D-1635F727C755}.Debug|Any CPU.Build.0 = Debug|Any CPU
		{4ED4FDB5-9FD0-49E6-876D-1635F727C755}.Release|Any CPU.ActiveCfg = Release|Any CPU
		{4ED4FDB5-9FD0-49E6-876D-1635F727C755}.Release|Any CPU.Build.0 = Release|Any CPU
		{719F0F69-66DA-438D-B5BB-2D883EF4ACE2}.Debug|Any CPU.ActiveCfg = Debug|Any CPU
		{719F0F69-66DA-438D-B5BB-2D883EF4ACE2}.Debug|Any CPU.Build.0 = Debug|Any CPU
		{719F0F69-66DA-438D-B5BB-2D883EF4ACE2}.Release|Any CPU.ActiveCfg = Release|Any CPU
		{719F0F69-66DA-438D-B5BB-2D883EF4ACE2}.Release|Any CPU.Build.0 = Release|Any CPU
		{01B09009-BD30-47F2-B318-4B583D606C61}.Debug|Any CPU.ActiveCfg = Debug|Any CPU
		{01B09009-BD30-47F2-B318-4B583D606C61}.Debug|Any CPU.Build.0 = Debug|Any CPU
		{01B09009-BD30-47F2-B318-4B583D606C61}.Release|Any CPU.ActiveCfg = Release|Any CPU
		{01B09009-BD30-47F2-B318-4B583D606C61}.Release|Any CPU.Build.0 = Release|Any CPU
		{2EF6DD60-E690-4E65-AD06-B3041C0ACDD2}.Debug|Any CPU.ActiveCfg = Debug|Any CPU
		{2EF6DD60-E690-4E65-AD06-B3041C0ACDD2}.Debug|Any CPU.Build.0 = Debug|Any CPU
		{2EF6DD60-E690-4E65-AD06-B3041C0ACDD2}.Release|Any CPU.ActiveCfg = Release|Any CPU
		{2EF6DD60-E690-4E65-AD06-B3041C0ACDD2}.Release|Any CPU.Build.0 = Release|Any CPU
		{4B0F335C-88AD-4884-B286-0107D24D246B}.Debug|Any CPU.ActiveCfg = Debug|Any CPU
		{4B0F335C-88AD-4884-B286-0107D24D246B}.Debug|Any CPU.Build.0 = Debug|Any CPU
		{4B0F335C-88AD-4884-B286-0107D24D246B}.Release|Any CPU.ActiveCfg = Release|Any CPU
		{4B0F335C-88AD-4884-B286-0107D24D246B}.Release|Any CPU.Build.0 = Release|Any CPU
		{6C17B7EB-B55B-4878-8EB1-5AA6942FB50F}.Debug|Any CPU.ActiveCfg = Debug|Any CPU
		{6C17B7EB-B55B-4878-8EB1-5AA6942FB50F}.Debug|Any CPU.Build.0 = Debug|Any CPU
		{6C17B7EB-B55B-4878-8EB1-5AA6942FB50F}.Release|Any CPU.ActiveCfg = Release|Any CPU
		{6C17B7EB-B55B-4878-8EB1-5AA6942FB50F}.Release|Any CPU.Build.0 = Release|Any CPU
		{007D4AC8-948F-4816-86AD-B9D1343672C1}.Debug|Any CPU.ActiveCfg = Debug|Any CPU
		{007D4AC8-948F-4816-86AD-B9D1343672C1}.Debug|Any CPU.Build.0 = Debug|Any CPU
		{007D4AC8-948F-4816-86AD-B9D1343672C1}.Release|Any CPU.ActiveCfg = Release|Any CPU
		{007D4AC8-948F-4816-86AD-B9D1343672C1}.Release|Any CPU.Build.0 = Release|Any CPU
		{B51EC09A-F8BE-4B5A-BD07-0F4489075A00}.Debug|Any CPU.ActiveCfg = Debug|Any CPU
		{B51EC09A-F8BE-4B5A-BD07-0F4489075A00}.Debug|Any CPU.Build.0 = Debug|Any CPU
		{B51EC09A-F8BE-4B5A-BD07-0F4489075A00}.Release|Any CPU.ActiveCfg = Release|Any CPU
		{B51EC09A-F8BE-4B5A-BD07-0F4489075A00}.Release|Any CPU.Build.0 = Release|Any CPU
	EndGlobalSection
	GlobalSection(SolutionProperties) = preSolution
		HideSolutionNode = FALSE
	EndGlobalSection
	GlobalSection(NestedProjects) = preSolution
		{245E07F6-10D5-4CFA-B003-0DEB06B223DA} = {91DA877F-E437-42C9-8FE5-E3709721BB8B}
		{4ED4FDB5-9FD0-49E6-876D-1635F727C755} = {91DA877F-E437-42C9-8FE5-E3709721BB8B}
		{719F0F69-66DA-438D-B5BB-2D883EF4ACE2} = {91DA877F-E437-42C9-8FE5-E3709721BB8B}
		{01B09009-BD30-47F2-B318-4B583D606C61} = {91DA877F-E437-42C9-8FE5-E3709721BB8B}
		{2EF6DD60-E690-4E65-AD06-B3041C0ACDD2} = {0CA1B611-8907-4C9C-93A7-4133E7540B24}
		{4B0F335C-88AD-4884-B286-0107D24D246B} = {0CA1B611-8907-4C9C-93A7-4133E7540B24}
		{6C17B7EB-B55B-4878-8EB1-5AA6942FB50F} = {0CA1B611-8907-4C9C-93A7-4133E7540B24}
		{007D4AC8-948F-4816-86AD-B9D1343672C1} = {91DA877F-E437-42C9-8FE5-E3709721BB8B}
		{B51EC09A-F8BE-4B5A-BD07-0F4489075A00} = {91DA877F-E437-42C9-8FE5-E3709721BB8B}
	EndGlobalSection
	GlobalSection(ExtensibilityGlobals) = postSolution
		SolutionGuid = {DC9B8990-422B-40EC-B51C-5F63F52A37BD}
	EndGlobalSection
EndGlobal
